
Microsoft Visual Studio Solution File, Format Version 12.00
# Visual Studio Version 17
VisualStudioVersion = 17.2.32616.157
MinimumVisualStudioVersion = 10.0.40219.1
Project("{FAE04EC0-301F-11D3-BF4B-00C04F79EFBC}") = "eTickets", "eTickets\eTickets.csproj", "{53F0CFD5-90FF-4846-A68E-F63E6E90281B}"
EndProject
Global
	GlobalSection(SolutionConfigurationPlatforms) = preSolution
		Debug|Any CPU = Debug|Any CPU
		Release|Any CPU = Release|Any CPU
	EndGlobalSection
	GlobalSection(ProjectConfigurationPlatforms) = postSolution
		{53F0CFD5-90FF-4846-A68E-F63E6E90281B}.Debug|Any CPU.ActiveCfg = Debug|Any CPU
		{53F0CFD5-90FF-4846-A68E-F63E6E90281B}.Debug|Any CPU.Build.0 = Debug|Any CPU
		{53F0CFD5-90FF-4846-A68E-F63E6E90281B}.Release|Any CPU.ActiveCfg = Release|Any CPU
		{53F0CFD5-90FF-4846-A68E-F63E6E90281B}.Release|Any CPU.Build.0 = Release|Any CPU
	EndGlobalSection
	GlobalSection(SolutionProperties) = preSolution
		HideSolutionNode = FALSE
	EndGlobalSection
	GlobalSection(ExtensibilityGlobals) = postSolution
		SolutionGuid = {AA4BD06F-E815-431E-9D87-0C738201F978}
	EndGlobalSection
EndGlobal
